
Microsoft Visual Studio Solution File, Format Version 12.00
# Visual Studio Version 17
VisualStudioVersion = 17.13.36105.23 d17.13
MinimumVisualStudioVersion = 10.0.40219.1
Project("{FAE04EC0-301F-11D3-BF4B-00C04F79EFBC}") = "seventh_practice", "seventh_practice.csproj", "{28962C9E-F19B-43AA-A9B5-AFD304D01750}"
EndProject
Global
	GlobalSection(SolutionConfigurationPlatforms) = preSolution
		Debug|Any CPU = Debug|Any CPU
		Release|Any CPU = Release|Any CPU
	EndGlobalSection
	GlobalSection(ProjectConfigurationPlatforms) = postSolution
		{28962C9E-F19B-43AA-A9B5-AFD304D01750}.Debug|Any CPU.ActiveCfg = Debug|Any CPU
		{28962C9E-F19B-43AA-A9B5-AFD304D01750}.Debug|Any CPU.Build.0 = Debug|Any CPU
		{28962C9E-F19B-43AA-A9B5-AFD304D01750}.Release|Any CPU.ActiveCfg = Release|Any CPU
		{28962C9E-F19B-43AA-A9B5-AFD304D01750}.Release|Any CPU.Build.0 = Release|Any CPU
	EndGlobalSection
	GlobalSection(SolutionProperties) = preSolution
		HideSolutionNode = FALSE
	EndGlobalSection
	GlobalSection(ExtensibilityGlobals) = postSolution
		SolutionGuid = {18A66B0E-1F4A-49F3-AB81-66212B83AC49}
	EndGlobalSection
EndGlobal
